
Microsoft Visual Studio Solution File, Format Version 11.00
# Visual Studio 2010
Project("{8BC9CEB8-8B4A-11D0-8D11-00A0C91BC942}") = "question1", "question1\question1.vcxproj", "{EDB6BC75-22A4-4D48-908D-ABCA09636ACD}"
EndProject
Global
	GlobalSection(SolutionConfigurationPlatforms) = preSolution
		Debug|Win32 = Debug|Win32
		Release|Win32 = Release|Win32
	EndGlobalSection
	GlobalSection(ProjectConfigurationPlatforms) = postSolution
		{EDB6BC75-22A4-4D48-908D-ABCA09636ACD}.Debug|Win32.ActiveCfg = Debug|Win32
		{EDB6BC75-22A4-4D48-908D-ABCA09636ACD}.Debug|Win32.Build.0 = Debug|Win32
		{EDB6BC75-22A4-4D48-908D-ABCA09636ACD}.Release|Win32.ActiveCfg = Release|Win32
		{EDB6BC75-22A4-4D48-908D-ABCA09636ACD}.Release|Win32.Build.0 = Release|Win32
	EndGlobalSection
	GlobalSection(SolutionProperties) = preSolution
		HideSolutionNode = FALSE
	EndGlobalSection
EndGlobal
